<?xml version="1.0" encoding="utf-8"?>
<Project ToolsVersion="4.0" xmlns="http://schemas.microsoft.com/developer/msbuild/2003">
  <ItemGroup>
    <Filter Include="bin">
      <UniqueIdentifier>{0a7f2d3e-33fa-4928-b62e-85b9ac3cac20}</UniqueIdentifier>
    </Filter>
    <Filter Include="src">
      <UniqueIdentifier>{fd19452c-e6df-4b39-bf58-ab8bfeea7124}</UniqueIdentifier>
    </Filter>
    <Filter Include="lib">
      <UniqueIdentifier>{546040b7-ab4c-4bd4-a06e-f39ff91f63f5}</UniqueIdentifier>
    </Filter>
    <Filter Include="res">
      <UniqueIdentifier>{41590b42-c512-4bb0-be1e-037db895e0eb}</UniqueIdentifier>
    </Filter>
    <Filter Include="doc">
      <UniqueIdentifier>{e6163e08-0151-44e5-8272-d4e89c66ad0b}</UniqueIdentifier>
    </Filter>
    <Filter Include="obj">
      <UniqueIdentifier>{3d934aa7-c757-4d43-9595-417c211ddcc5}</UniqueIdentifier>
    </Filter>
    <Filter Include="dep">
      <UniqueIdentifier>{212517cd-24b1-408e-bfe0-66987a048aae}</UniqueIdentifier>
    </Filter>
    <Filter Include="inc">
      <UniqueIdentifier>{fbf8ebfc-2b32-4ba0-8cc9-76a32c0fb4a3}</UniqueIdentifier>
    </Filter>
    <Filter Include="bld">
      <UniqueIdentifier>{951c5e19-b666-4dfb-83d1-7192e76b0b02}</UniqueIdentifier>
    </Filter>
    <Filter Include="inc\planning">
      <UniqueIdentifier>{c59f29ee-c37d-4b90-9355-6d7c12d07f80}</UniqueIdentifier>
    </Filter>
  </ItemGroup>
  <ItemGroup>
    <None Include="README.md" />
    <None Include="Makefile" />
    <None Include="LICENSE.md" />
  </ItemGroup>
  <ItemGroup>
    <ClCompile Include="main.cpp" />
    <ClCompile Include="src\string.cpp">
      <Filter>src</Filter>
    </ClCompile>
    <ClCompile Include="src\recipe.cpp">
      <Filter>src</Filter>
    </ClCompile>
    <ClCompile Include="src\item.cpp">
      <Filter>src</Filter>
    </ClCompile>
    <ClCompile Include="src\matrix.cpp">
      <Filter>src</Filter>
    </ClCompile>
  </ItemGroup>
  <ItemGroup>
    <ClInclude Include="inc\planning.h">
      <Filter>inc</Filter>
    </ClInclude>
    <ClInclude Include="inc\planning\string.h">
      <Filter>inc\planning</Filter>
    </ClInclude>
    <ClInclude Include="inc\planning\recipe.h">
      <Filter>inc\planning</Filter>
    </ClInclude>
    <ClInclude Include="inc\planning\item.h">
      <Filter>inc\planning</Filter>
    </ClInclude>
    <ClInclude Include="inc\planning\matrix.h">
      <Filter>inc\planning</Filter>
    </ClInclude>
  </ItemGroup>
</Project>